# This file is autogenerated, do not edit; changes may be undone by the next 'dep ensure'.


[[projects]]
  branch = "master"
  name = "golang.org/x/crypto"
  packages = ["ssh/terminal"]
  revision = "21652f85b0fdddb6c2b6b77a5beca5c5a908174a"

[[projects]]
  branch = "master"
  name = "golang.org/x/sys"
  packages = [
    "unix",
    "windows"
  ]
  revision = "89ac7f292d17a339edab4de8efcba5d8672ff661"

[solve-meta]
  analyzer-name = "dep"
  analyzer-version = 1
  inputs-digest = "e1aae4caa13baf710324018116b61e6dfd3a3b97f8c4a4df83be02c20829ee19"
  solver-name = "gps-cdcl"
  solver-version = 1
