# This file is autogenerated, do not edit; changes may be undone by the next 'dep ensure'.


[[projects]]
  branch = "master"
  name = "golang.org/x/crypto"
  packages = ["ssh/terminal"]
  revision = "21652f85b0fdddb6c2b6b77a5beca5c5a908174a"

[[projects]]
  branch = "master"
  name = "golang.org/x/net"
  packages = [
    "html",
    "html/atom"
  ]
  revision = "92b859f39abd2d91a854c9f9c4621b2f5054a92d"

[[projects]]
  branch = "master"
  name = "golang.org/x/sys"
  packages = [
    "unix",
    "windows"
  ]
  revision = "89ac7f292d17a339edab4de8efcba5d8672ff661"

[solve-meta]
  analyzer-name = "dep"
  analyzer-version = 1
  inputs-digest = "d29aab5f32b8c1b9a7a055de38ed66d48386a194f67215c4470b93d5a86c3db0"
  solver-name = "gps-cdcl"
  solver-version = 1
